// !$*UTF8*$!
{
	archiveVersion = 1;
	classes = {
	};
	objectVersion = 46;
	objects = {

/* Begin PBXBuildFile section */
		EDB9232D181DC12700A89620 /* NSManagedObject+PSCoreData.m in Sources */ = {isa = PBXBuildFile; fileRef = EDB92327181DC12700A89620 /* NSManagedObject+PSCoreData.m */; };
		EDB9232E181DC12700A89620 /* PSCoreDataManager.m in Sources */ = {isa = PBXBuildFile; fileRef = EDB9232A181DC12700A89620 /* PSCoreDataManager.m */; };
		EDB9232F181DC12700A89620 /* PSFetchedResultsController.m in Sources */ = {isa = PBXBuildFile; fileRef = EDB9232C181DC12700A89620 /* PSFetchedResultsController.m */; };
		EDB92333181DC3BB00A89620 /* PSFakeSyncManager.m in Sources */ = {isa = PBXBuildFile; fileRef = EDB92332181DC3BB00A89620 /* PSFakeSyncManager.m */; };
		EDBDC391181084BE004FED67 /* UIKit.framework in Frameworks */ = {isa = PBXBuildFile; fileRef = EDBDC390181084BE004FED67 /* UIKit.framework */; };
		EDBDC393181084BE004FED67 /* Foundation.framework in Frameworks */ = {isa = PBXBuildFile; fileRef = EDBDC392181084BE004FED67 /* Foundation.framework */; };
		EDBDC395181084BE004FED67 /* CoreGraphics.framework in Frameworks */ = {isa = PBXBuildFile; fileRef = EDBDC394181084BE004FED67 /* CoreGraphics.framework */; };
		EDBDC397181084BE004FED67 /* CoreData.framework in Frameworks */ = {isa = PBXBuildFile; fileRef = EDBDC396181084BE004FED67 /* CoreData.framework */; };
		EDBDC39D181084BE004FED67 /* InfoPlist.strings in Resources */ = {isa = PBXBuildFile; fileRef = EDBDC39B181084BE004FED67 /* InfoPlist.strings */; };
		EDBDC39F181084BE004FED67 /* main.m in Sources */ = {isa = PBXBuildFile; fileRef = EDBDC39E181084BE004FED67 /* main.m */; };
		EDBDC3A3181084BE004FED67 /* PSAppDelegate.m in Sources */ = {isa = PBXBuildFile; fileRef = EDBDC3A2181084BE004FED67 /* PSAppDelegate.m */; };
		EDBDC3A5181084BE004FED67 /* Default.png in Resources */ = {isa = PBXBuildFile; fileRef = EDBDC3A4181084BE004FED67 /* Default.png */; };
		EDBDC3A7181084BE004FED67 /* Default@2x.png in Resources */ = {isa = PBXBuildFile; fileRef = EDBDC3A6181084BE004FED67 /* Default@2x.png */; };
		EDBDC3A9181084BE004FED67 /* Default-568h@2x.png in Resources */ = {isa = PBXBuildFile; fileRef = EDBDC3A8181084BE004FED67 /* Default-568h@2x.png */; };
		EDBDC3AC181084BE004FED67 /* MainStoryboard_iPhone.storyboard in Resources */ = {isa = PBXBuildFile; fileRef = EDBDC3AA181084BE004FED67 /* MainStoryboard_iPhone.storyboard */; };
		EDBDC3AF181084BE004FED67 /* MainStoryboard_iPad.storyboard in Resources */ = {isa = PBXBuildFile; fileRef = EDBDC3AD181084BE004FED67 /* MainStoryboard_iPad.storyboard */; };
		EDBDC3B2181084BE004FED67 /* CoreDataTester.xcdatamodeld in Sources */ = {isa = PBXBuildFile; fileRef = EDBDC3B0181084BE004FED67 /* CoreDataTester.xcdatamodeld */; };
		EDBDC3B5181084BE004FED67 /* PSMasterViewController.m in Sources */ = {isa = PBXBuildFile; fileRef = EDBDC3B4181084BE004FED67 /* PSMasterViewController.m */; };
		EDBDC3B8181084BE004FED67 /* PSDetailViewController.m in Sources */ = {isa = PBXBuildFile; fileRef = EDBDC3B7181084BE004FED67 /* PSDetailViewController.m */; };
/* End PBXBuildFile section */

/* Begin PBXFileReference section */
		EDB92326181DC12700A89620 /* NSManagedObject+PSCoreData.h */ = {isa = PBXFileReference; fileEncoding = 4; lastKnownFileType = sourcecode.c.h; path = "NSManagedObject+PSCoreData.h"; sourceTree = "<group>"; };
		EDB92327181DC12700A89620 /* NSManagedObject+PSCoreData.m */ = {isa = PBXFileReference; fileEncoding = 4; lastKnownFileType = sourcecode.c.objc; path = "NSManagedObject+PSCoreData.m"; sourceTree = "<group>"; };
		EDB92328181DC12700A89620 /* PSCoreData.h */ = {isa = PBXFileReference; fileEncoding = 4; lastKnownFileType = sourcecode.c.h; path = PSCoreData.h; sourceTree = "<group>"; };
		EDB92329181DC12700A89620 /* PSCoreDataManager.h */ = {isa = PBXFileReference; fileEncoding = 4; lastKnownFileType = sourcecode.c.h; path = PSCoreDataManager.h; sourceTree = "<group>"; };
		EDB9232A181DC12700A89620 /* PSCoreDataManager.m */ = {isa = PBXFileReference; fileEncoding = 4; lastKnownFileType = sourcecode.c.objc; path = PSCoreDataManager.m; sourceTree = "<group>"; };
		EDB9232B181DC12700A89620 /* PSFetchedResultsController.h */ = {isa = PBXFileReference; fileEncoding = 4; lastKnownFileType = sourcecode.c.h; path = PSFetchedResultsController.h; sourceTree = "<group>"; };
		EDB9232C181DC12700A89620 /* PSFetchedResultsController.m */ = {isa = PBXFileReference; fileEncoding = 4; lastKnownFileType = sourcecode.c.objc; path = PSFetchedResultsController.m; sourceTree = "<group>"; };
		EDB92331181DC3BB00A89620 /* PSFakeSyncManager.h */ = {isa = PBXFileReference; fileEncoding = 4; lastKnownFileType = sourcecode.c.h; path = PSFakeSyncManager.h; sourceTree = "<group>"; };
		EDB92332181DC3BB00A89620 /* PSFakeSyncManager.m */ = {isa = PBXFileReference; fileEncoding = 4; lastKnownFileType = sourcecode.c.objc; path = PSFakeSyncManager.m; sourceTree = "<group>"; };
		EDBDC38D181084BE004FED67 /* CoreDataTester.app */ = {isa = PBXFileReference; explicitFileType = wrapper.application; includeInIndex = 0; path = CoreDataTester.app; sourceTree = BUILT_PRODUCTS_DIR; };
		EDBDC390181084BE004FED67 /* UIKit.framework */ = {isa = PBXFileReference; lastKnownFileType = wrapper.framework; name = UIKit.framework; path = System/Library/Frameworks/UIKit.framework; sourceTree = SDKROOT; };
		EDBDC392181084BE004FED67 /* Foundation.framework */ = {isa = PBXFileReference; lastKnownFileType = wrapper.framework; name = Foundation.framework; path = System/Library/Frameworks/Foundation.framework; sourceTree = SDKROOT; };
		EDBDC394181084BE004FED67 /* CoreGraphics.framework */ = {isa = PBXFileReference; lastKnownFileType = wrapper.framework; name = CoreGraphics.framework; path = System/Library/Frameworks/CoreGraphics.framework; sourceTree = SDKROOT; };
		EDBDC396181084BE004FED67 /* CoreData.framework */ = {isa = PBXFileReference; lastKnownFileType = wrapper.framework; name = CoreData.framework; path = System/Library/Frameworks/CoreData.framework; sourceTree = SDKROOT; };
		EDBDC39A181084BE004FED67 /* CoreDataTester-Info.plist */ = {isa = PBXFileReference; lastKnownFileType = text.plist.xml; path = "CoreDataTester-Info.plist"; sourceTree = "<group>"; };
		EDBDC39C181084BE004FED67 /* en */ = {isa = PBXFileReference; lastKnownFileType = text.plist.strings; name = en; path = en.lproj/InfoPlist.strings; sourceTree = "<group>"; };
		EDBDC39E181084BE004FED67 /* main.m */ = {isa = PBXFileReference; lastKnownFileType = sourcecode.c.objc; path = main.m; sourceTree = "<group>"; };
		EDBDC3A0181084BE004FED67 /* CoreDataTester-Prefix.pch */ = {isa = PBXFileReference; lastKnownFileType = sourcecode.c.h; path = "CoreDataTester-Prefix.pch"; sourceTree = "<group>"; };
		EDBDC3A1181084BE004FED67 /* PSAppDelegate.h */ = {isa = PBXFileReference; lastKnownFileType = sourcecode.c.h; path = PSAppDelegate.h; sourceTree = "<group>"; };
		EDBDC3A2181084BE004FED67 /* PSAppDelegate.m */ = {isa = PBXFileReference; lastKnownFileType = sourcecode.c.objc; path = PSAppDelegate.m; sourceTree = "<group>"; };
		EDBDC3A4181084BE004FED67 /* Default.png */ = {isa = PBXFileReference; lastKnownFileType = image.png; path = Default.png; sourceTree = "<group>"; };
		EDBDC3A6181084BE004FED67 /* Default@2x.png */ = {isa = PBXFileReference; lastKnownFileType = image.png; path = "Default@2x.png"; sourceTree = "<group>"; };
		EDBDC3A8181084BE004FED67 /* Default-568h@2x.png */ = {isa = PBXFileReference; lastKnownFileType = image.png; path = "Default-568h@2x.png"; sourceTree = "<group>"; };
		EDBDC3AB181084BE004FED67 /* en */ = {isa = PBXFileReference; lastKnownFileType = file.storyboard; name = en; path = en.lproj/MainStoryboard_iPhone.storyboard; sourceTree = "<group>"; };
		EDBDC3AE181084BE004FED67 /* en */ = {isa = PBXFileReference; lastKnownFileType = file.storyboard; name = en; path = en.lproj/MainStoryboard_iPad.storyboard; sourceTree = "<group>"; };
		EDBDC3B1181084BE004FED67 /* CoreDataTester.xcdatamodel */ = {isa = PBXFileReference; lastKnownFileType = wrapper.xcdatamodel; path = CoreDataTester.xcdatamodel; sourceTree = "<group>"; };
		EDBDC3B3181084BE004FED67 /* PSMasterViewController.h */ = {isa = PBXFileReference; lastKnownFileType = sourcecode.c.h; path = PSMasterViewController.h; sourceTree = "<group>"; };
		EDBDC3B4181084BE004FED67 /* PSMasterViewController.m */ = {isa = PBXFileReference; lastKnownFileType = sourcecode.c.objc; path = PSMasterViewController.m; sourceTree = "<group>"; };
		EDBDC3B6181084BE004FED67 /* PSDetailViewController.h */ = {isa = PBXFileReference; lastKnownFileType = sourcecode.c.h; path = PSDetailViewController.h; sourceTree = "<group>"; };
		EDBDC3B7181084BE004FED67 /* PSDetailViewController.m */ = {isa = PBXFileReference; lastKnownFileType = sourcecode.c.objc; path = PSDetailViewController.m; sourceTree = "<group>"; };
/* End PBXFileReference section */

/* Begin PBXFrameworksBuildPhase section */
		EDBDC38A181084BE004FED67 /* Frameworks */ = {
			isa = PBXFrameworksBuildPhase;
			buildActionMask = 2147483647;
			files = (
				EDBDC391181084BE004FED67 /* UIKit.framework in Frameworks */,
				EDBDC393181084BE004FED67 /* Foundation.framework in Frameworks */,
				EDBDC395181084BE004FED67 /* CoreGraphics.framework in Frameworks */,
				EDBDC397181084BE004FED67 /* CoreData.framework in Frameworks */,
			);
			runOnlyForDeploymentPostprocessing = 0;
		};
/* End PBXFrameworksBuildPhase section */

/* Begin PBXGroup section */
		EDB92325181DC0FF00A89620 /* PSCoreDataManager */ = {
			isa = PBXGroup;
			children = (
				EDB92328181DC12700A89620 /* PSCoreData.h */,
				EDB92329181DC12700A89620 /* PSCoreDataManager.h */,
				EDB9232A181DC12700A89620 /* PSCoreDataManager.m */,
				EDB9232B181DC12700A89620 /* PSFetchedResultsController.h */,
				EDB9232C181DC12700A89620 /* PSFetchedResultsController.m */,
				EDB92326181DC12700A89620 /* NSManagedObject+PSCoreData.h */,
				EDB92327181DC12700A89620 /* NSManagedObject+PSCoreData.m */,
			);
			path = PSCoreDataManager;
			sourceTree = "<group>";
		};
		EDB92330181DC39600A89620 /* Helpers */ = {
			isa = PBXGroup;
			children = (
				EDB92331181DC3BB00A89620 /* PSFakeSyncManager.h */,
				EDB92332181DC3BB00A89620 /* PSFakeSyncManager.m */,
			);
			name = Helpers;
			sourceTree = "<group>";
		};
		EDBDC384181084BE004FED67 = {
			isa = PBXGroup;
			children = (
				EDBDC398181084BE004FED67 /* CoreDataTester */,
				EDBDC38F181084BE004FED67 /* Frameworks */,
				EDBDC38E181084BE004FED67 /* Products */,
			);
			sourceTree = "<group>";
		};
		EDBDC38E181084BE004FED67 /* Products */ = {
			isa = PBXGroup;
			children = (
				EDBDC38D181084BE004FED67 /* CoreDataTester.app */,
			);
			name = Products;
			sourceTree = "<group>";
		};
		EDBDC38F181084BE004FED67 /* Frameworks */ = {
			isa = PBXGroup;
			children = (
				EDBDC390181084BE004FED67 /* UIKit.framework */,
				EDBDC392181084BE004FED67 /* Foundation.framework */,
				EDBDC394181084BE004FED67 /* CoreGraphics.framework */,
				EDBDC396181084BE004FED67 /* CoreData.framework */,
			);
			name = Frameworks;
			sourceTree = "<group>";
		};
		EDBDC398181084BE004FED67 /* CoreDataTester */ = {
			isa = PBXGroup;
			children = (
				EDB92330181DC39600A89620 /* Helpers */,
				EDB92325181DC0FF00A89620 /* PSCoreDataManager */,
				EDBDC3A1181084BE004FED67 /* PSAppDelegate.h */,
				EDBDC3A2181084BE004FED67 /* PSAppDelegate.m */,
				EDBDC3AA181084BE004FED67 /* MainStoryboard_iPhone.storyboard */,
				EDBDC3AD181084BE004FED67 /* MainStoryboard_iPad.storyboard */,
				EDBDC3B3181084BE004FED67 /* PSMasterViewController.h */,
				EDBDC3B4181084BE004FED67 /* PSMasterViewController.m */,
				EDBDC3B6181084BE004FED67 /* PSDetailViewController.h */,
				EDBDC3B7181084BE004FED67 /* PSDetailViewController.m */,
				EDBDC3B0181084BE004FED67 /* CoreDataTester.xcdatamodeld */,
				EDBDC399181084BE004FED67 /* Supporting Files */,
			);
			path = CoreDataTester;
			sourceTree = "<group>";
		};
		EDBDC399181084BE004FED67 /* Supporting Files */ = {
			isa = PBXGroup;
			children = (
				EDBDC39A181084BE004FED67 /* CoreDataTester-Info.plist */,
				EDBDC39B181084BE004FED67 /* InfoPlist.strings */,
				EDBDC39E181084BE004FED67 /* main.m */,
				EDBDC3A0181084BE004FED67 /* CoreDataTester-Prefix.pch */,
				EDBDC3A4181084BE004FED67 /* Default.png */,
				EDBDC3A6181084BE004FED67 /* Default@2x.png */,
				EDBDC3A8181084BE004FED67 /* Default-568h@2x.png */,
			);
			name = "Supporting Files";
			sourceTree = "<group>";
		};
/* End PBXGroup section */

/* Begin PBXNativeTarget section */
		EDBDC38C181084BE004FED67 /* CoreDataTester */ = {
			isa = PBXNativeTarget;
			buildConfigurationList = EDBDC3BB181084BE004FED67 /* Build configuration list for PBXNativeTarget "CoreDataTester" */;
			buildPhases = (
				EDBDC389181084BE004FED67 /* Sources */,
				EDBDC38A181084BE004FED67 /* Frameworks */,
				EDBDC38B181084BE004FED67 /* Resources */,
			);
			buildRules = (
			);
			dependencies = (
			);
			name = CoreDataTester;
			productName = CoreDataTester;
			productReference = EDBDC38D181084BE004FED67 /* CoreDataTester.app */;
			productType = "com.apple.product-type.application";
		};
/* End PBXNativeTarget section */

/* Begin PBXProject section */
		EDBDC385181084BE004FED67 /* Project object */ = {
			isa = PBXProject;
			attributes = {
				CLASSPREFIX = PS;
				LastUpgradeCheck = 0460;
				ORGANIZATIONNAME = "Paweł Szymański";
			};
			buildConfigurationList = EDBDC388181084BE004FED67 /* Build configuration list for PBXProject "CoreDataTester" */;
			compatibilityVersion = "Xcode 3.2";
			developmentRegion = English;
			hasScannedForEncodings = 0;
			knownRegions = (
				en,
			);
			mainGroup = EDBDC384181084BE004FED67;
			productRefGroup = EDBDC38E181084BE004FED67 /* Products */;
			projectDirPath = "";
			projectRoot = "";
			targets = (
				EDBDC38C181084BE004FED67 /* CoreDataTester */,
			);
		};
/* End PBXProject section */

/* Begin PBXResourcesBuildPhase section */
		EDBDC38B181084BE004FED67 /* Resources */ = {
			isa = PBXResourcesBuildPhase;
			buildActionMask = 2147483647;
			files = (
				EDBDC39D181084BE004FED67 /* InfoPlist.strings in Resources */,
				EDBDC3A5181084BE004FED67 /* Default.png in Resources */,
				EDBDC3A7181084BE004FED67 /* Default@2x.png in Resources */,
				EDBDC3A9181084BE004FED67 /* Default-568h@2x.png in Resources */,
				EDBDC3AC181084BE004FED67 /* MainStoryboard_iPhone.storyboard in Resources */,
				EDBDC3AF181084BE004FED67 /* MainStoryboard_iPad.storyboard in Resources */,
			);
			runOnlyForDeploymentPostprocessing = 0;
		};
/* End PBXResourcesBuildPhase section */

/* Begin PBXSourcesBuildPhase section */
		EDBDC389181084BE004FED67 /* Sources */ = {
			isa = PBXSourcesBuildPhase;
			buildActionMask = 2147483647;
			files = (
				EDBDC39F181084BE004FED67 /* main.m in Sources */,
				EDBDC3A3181084BE004FED67 /* PSAppDelegate.m in Sources */,
				EDBDC3B2181084BE004FED67 /* CoreDataTester.xcdatamodeld in Sources */,
				EDBDC3B5181084BE004FED67 /* PSMasterViewController.m in Sources */,
				EDBDC3B8181084BE004FED67 /* PSDetailViewController.m in Sources */,
				EDB9232D181DC12700A89620 /* NSManagedObject+PSCoreData.m in Sources */,
				EDB9232E181DC12700A89620 /* PSCoreDataManager.m in Sources */,
				EDB9232F181DC12700A89620 /* PSFetchedResultsController.m in Sources */,
				EDB92333181DC3BB00A89620 /* PSFakeSyncManager.m in Sources */,
			);
			runOnlyForDeploymentPostprocessing = 0;
		};
/* End PBXSourcesBuildPhase section */

/* Begin PBXVariantGroup section */
		EDBDC39B181084BE004FED67 /* InfoPlist.strings */ = {
			isa = PBXVariantGroup;
			children = (
				EDBDC39C181084BE004FED67 /* en */,
			);
			name = InfoPlist.strings;
			sourceTree = "<group>";
		};
		EDBDC3AA181084BE004FED67 /* MainStoryboard_iPhone.storyboard */ = {
			isa = PBXVariantGroup;
			children = (
				EDBDC3AB181084BE004FED67 /* en */,
			);
			name = MainStoryboard_iPhone.storyboard;
			sourceTree = "<group>";
		};
		EDBDC3AD181084BE004FED67 /* MainStoryboard_iPad.storyboard */ = {
			isa = PBXVariantGroup;
			children = (
				EDBDC3AE181084BE004FED67 /* en */,
			);
			name = MainStoryboard_iPad.storyboard;
			sourceTree = "<group>";
		};
/* End PBXVariantGroup section */

/* Begin XCBuildConfiguration section */
		EDBDC3B9181084BE004FED67 /* Debug */ = {
			isa = XCBuildConfiguration;
			buildSettings = {
				ALWAYS_SEARCH_USER_PATHS = NO;
				CLANG_CXX_LANGUAGE_STANDARD = "gnu++0x";
				CLANG_CXX_LIBRARY = "libc++";
				CLANG_ENABLE_OBJC_ARC = YES;
				CLANG_WARN_CONSTANT_CONVERSION = YES;
				CLANG_WARN_EMPTY_BODY = YES;
				CLANG_WARN_ENUM_CONVERSION = YES;
				CLANG_WARN_INT_CONVERSION = YES;
				CLANG_WARN__DUPLICATE_METHOD_MATCH = YES;
				"CODE_SIGN_IDENTITY[sdk=iphoneos*]" = "iPhone Developer";
				COPY_PHASE_STRIP = NO;
				GCC_C_LANGUAGE_STANDARD = gnu99;
				GCC_DYNAMIC_NO_PIC = NO;
				GCC_OPTIMIZATION_LEVEL = 0;
				GCC_PREPROCESSOR_DEFINITIONS = (
					"DEBUG=1",
					"$(inherited)",
				);
				GCC_SYMBOLS_PRIVATE_EXTERN = NO;
				GCC_WARN_ABOUT_RETURN_TYPE = YES;
				GCC_WARN_UNINITIALIZED_AUTOS = YES;
				GCC_WARN_UNUSED_VARIABLE = YES;
				IPHONEOS_DEPLOYMENT_TARGET = 6.1;
				ONLY_ACTIVE_ARCH = YES;
				SDKROOT = iphoneos;
				TARGETED_DEVICE_FAMILY = "1,2";
			};
			name = Debug;
		};
		EDBDC3BA181084BE004FED67 /* Release */ = {
			isa = XCBuildConfiguration;
			buildSettings = {
				ALWAYS_SEARCH_USER_PATHS = NO;
				CLANG_CXX_LANGUAGE_STANDARD = "gnu++0x";
				CLANG_CXX_LIBRARY = "libc++";
				CLANG_ENABLE_OBJC_ARC = YES;
				CLANG_WARN_CONSTANT_CONVERSION = YES;
				CLANG_WARN_EMPTY_BODY = YES;
				CLANG_WARN_ENUM_CONVERSION = YES;
				CLANG_WARN_INT_CONVERSION = YES;
				CLANG_WARN__DUPLICATE_METHOD_MATCH = YES;
				"CODE_SIGN_IDENTITY[sdk=iphoneos*]" = "iPhone Developer";
				COPY_PHASE_STRIP = YES;
				GCC_C_LANGUAGE_STANDARD = gnu99;
				GCC_WARN_ABOUT_RETURN_TYPE = YES;
				GCC_WARN_UNINITIALIZED_AUTOS = YES;
				GCC_WARN_UNUSED_VARIABLE = YES;
				IPHONEOS_DEPLOYMENT_TARGET = 6.1;
				OTHER_CFLAGS = "-DNS_BLOCK_ASSERTIONS=1";
				SDKROOT = iphoneos;
				TARGETED_DEVICE_FAMILY = "1,2";
				VALIDATE_PRODUCT = YES;
			};
			name = Release;
		};
		EDBDC3BC181084BE004FED67 /* Debug */ = {
			isa = XCBuildConfiguration;
			buildSettings = {
				GCC_PRECOMPILE_PREFIX_HEADER = YES;
				GCC_PREFIX_HEADER = "CoreDataTester/CoreDataTester-Prefix.pch";
				GCC_TREAT_WARNINGS_AS_ERRORS = YES;
				INFOPLIST_FILE = "CoreDataTester/CoreDataTester-Info.plist";
				PRODUCT_NAME = "$(TARGET_NAME)";
				WRAPPER_EXTENSION = app;
			};
			name = Debug;
		};
		EDBDC3BD181084BE004FED67 /* Release */ = {
			isa = XCBuildConfiguration;
			buildSettings = {
				GCC_PRECOMPILE_PREFIX_HEADER = YES;
				GCC_PREFIX_HEADER = "CoreDataTester/CoreDataTester-Prefix.pch";
				GCC_TREAT_WARNINGS_AS_ERRORS = YES;
				INFOPLIST_FILE = "CoreDataTester/CoreDataTester-Info.plist";
				PRODUCT_NAME = "$(TARGET_NAME)";
				WRAPPER_EXTENSION = app;
			};
			name = Release;
		};
/* End XCBuildConfiguration section */

/* Begin XCConfigurationList section */
		EDBDC388181084BE004FED67 /* Build configuration list for PBXProject "CoreDataTester" */ = {
			isa = XCConfigurationList;
			buildConfigurations = (
				EDBDC3B9181084BE004FED67 /* Debug */,
				EDBDC3BA181084BE004FED67 /* Release */,
			);
			defaultConfigurationIsVisible = 0;
			defaultConfigurationName = Release;
		};
		EDBDC3BB181084BE004FED67 /* Build configuration list for PBXNativeTarget "CoreDataTester" */ = {
			isa = XCConfigurationList;
			buildConfigurations = (
				EDBDC3BC181084BE004FED67 /* Debug */,
				EDBDC3BD181084BE004FED67 /* Release */,
			);
			defaultConfigurationIsVisible = 0;
			defaultConfigurationName = Release;
		};
/* End XCConfigurationList section */

/* Begin XCVersionGroup section */
		EDBDC3B0181084BE004FED67 /* CoreDataTester.xcdatamodeld */ = {
			isa = XCVersionGroup;
			children = (
				EDBDC3B1181084BE004FED67 /* CoreDataTester.xcdatamodel */,
			);
			currentVersion = EDBDC3B1181084BE004FED67 /* CoreDataTester.xcdatamodel */;
			path = CoreDataTester.xcdatamodeld;
			sourceTree = "<group>";
			versionGroupType = wrapper.xcdatamodel;
		};
/* End XCVersionGroup section */
	};
	rootObject = EDBDC385181084BE004FED67 /* Project object */;
}
